
Microsoft Visual Studio Solution File, Format Version 12.00
# Visual Studio Version 17
VisualStudioVersion = 17.5.002.0
MinimumVisualStudioVersion = 10.0.40219.1
Project("{9A19103F-16F7-4668-BE54-9A1E7A4F7556}") = "API-GESTAO-TAREFAS", "API-GESTAO-TAREFAS.csproj", "{1975E919-E671-475B-BF5B-BF6A677BDC64}"
EndProject
Global
	GlobalSection(SolutionConfigurationPlatforms) = preSolution
		Debug|Any CPU = Debug|Any CPU
		Release|Any CPU = Release|Any CPU
	EndGlobalSection
	GlobalSection(ProjectConfigurationPlatforms) = postSolution
		{1975E919-E671-475B-BF5B-BF6A677BDC64}.Debug|Any CPU.ActiveCfg = Debug|Any CPU
		{1975E919-E671-475B-BF5B-BF6A677BDC64}.Debug|Any CPU.Build.0 = Debug|Any CPU
		{1975E919-E671-475B-BF5B-BF6A677BDC64}.Release|Any CPU.ActiveCfg = Release|Any CPU
		{1975E919-E671-475B-BF5B-BF6A677BDC64}.Release|Any CPU.Build.0 = Release|Any CPU
	EndGlobalSection
	GlobalSection(SolutionProperties) = preSolution
		HideSolutionNode = FALSE
	EndGlobalSection
	GlobalSection(ExtensibilityGlobals) = postSolution
		SolutionGuid = {487C6937-FC58-4146-B7E6-6828666A192A}
	EndGlobalSection
EndGlobal
